
Microsoft Visual Studio Solution File, Format Version 12.00
# Visual Studio Version 16
VisualStudioVersion = 16.0.31515.178
MinimumVisualStudioVersion = 10.0.40219.1
Project("{9A19103F-16F7-4668-BE54-9A1E7A4F7556}") = "FizzBuzz", "FizzBuzz\FizzBuzz.csproj", "{396B4FC0-320B-4F4B-A145-3F7DE48B3469}"
EndProject
Project("{9A19103F-16F7-4668-BE54-9A1E7A4F7556}") = "FizzBuzzTest", "FizzBuzzTest\FizzBuzzTest.csproj", "{83D83A8D-1E76-45FB-939A-A65088ED2E65}"
EndProject
Global
	GlobalSection(SolutionConfigurationPlatforms) = preSolution
		Debug|Any CPU = Debug|Any CPU
		Release|Any CPU = Release|Any CPU
	EndGlobalSection
	GlobalSection(ProjectConfigurationPlatforms) = postSolution
		{396B4FC0-320B-4F4B-A145-3F7DE48B3469}.Debug|Any CPU.ActiveCfg = Debug|Any CPU
		{396B4FC0-320B-4F4B-A145-3F7DE48B3469}.Debug|Any CPU.Build.0 = Debug|Any CPU
		{396B4FC0-320B-4F4B-A145-3F7DE48B3469}.Release|Any CPU.ActiveCfg = Release|Any CPU
		{396B4FC0-320B-4F4B-A145-3F7DE48B3469}.Release|Any CPU.Build.0 = Release|Any CPU
		{83D83A8D-1E76-45FB-939A-A65088ED2E65}.Debug|Any CPU.ActiveCfg = Debug|Any CPU
		{83D83A8D-1E76-45FB-939A-A65088ED2E65}.Debug|Any CPU.Build.0 = Debug|Any CPU
		{83D83A8D-1E76-45FB-939A-A65088ED2E65}.Release|Any CPU.ActiveCfg = Release|Any CPU
		{83D83A8D-1E76-45FB-939A-A65088ED2E65}.Release|Any CPU.Build.0 = Release|Any CPU
	EndGlobalSection
	GlobalSection(SolutionProperties) = preSolution
		HideSolutionNode = FALSE
	EndGlobalSection
	GlobalSection(ExtensibilityGlobals) = postSolution
		SolutionGuid = {FE7C1134-8A9E-4C3A-BCF9-2982002D43DA}
	EndGlobalSection
EndGlobal
